github.com/sejalnaik/tic-tac-toe v0.0.0-20201209083006-e9991044aa49 h1:hvbiQ4N3rLOzCBvEFqpWCnCx1v2AKsB01Kj2wQIl/0s=
github.com/sejalnaik/tic-tac-toe v0.0.0-20201209083006-e9991044aa49/go.mod h1:gCIJAR4NY8o+NwOAtZcwOWSXSknn2Aod5R+lJD5W8lc=
github.com/sejalnaik/tic-tac-toe v0.0.0-20201209091409-1e04b0e3f85c h1:2gM85chQyhDHjHH3ERvExcAquFbFCuTqe359NMJgPRc=
github.com/sejalnaik/tic-tac-toe v0.0.0-20201209091409-1e04b0e3f85c/go.mod h1:gCIJAR4NY8o+NwOAtZcwOWSXSknn2Aod5R+lJD5W8lc=
github.com/sejalnaik/tic-tac-toe v0.0.0-20201209100921-03dc8edd635d h1:pYairZE3A1orRNkGF4SyqIPKlarIL28HdXtlAg0HXMY=
github.com/sejalnaik/tic-tac-toe v0.0.0-20201209100921-03dc8edd635d/go.mod h1:gCIJAR4NY8o+NwOAtZcwOWSXSknn2Aod5R+lJD5W8lc=
github.com/sejalnaik/tic-tac-toe v0.0.0-20201209102958-acf6e3bedea7 h1:P7U1gPyqQCmznDupBO8Fk0dccB2mUzYd8pLjRo9D6Ag=
github.com/sejalnaik/tic-tac-toe v0.0.0-20201209102958-acf6e3bedea7/go.mod h1:gCIJAR4NY8o+NwOAtZcwOWSXSknn2Aod5R+lJD5W8lc=
